
Microsoft Visual Studio Solution File, Format Version 12.00
# Visual Studio Version 17
VisualStudioVersion = 17.13.35825.156
MinimumVisualStudioVersion = 10.0.40219.1
Project("{FAE04EC0-301F-11D3-BF4B-00C04F79EFBC}") = "Todo_Test", "Todo_Test\Todo_Test.csproj", "{BBF5F7C3-5D92-40BA-ACFD-8C4BBC6F349B}"
EndProject
Project("{FAE04EC0-301F-11D3-BF4B-00C04F79EFBC}") = "Todo_App", "Todo_App\Todo_App.csproj", "{6B7DC4D9-D6E7-3519-5BB9-61C92681C680}"
EndProject
Global
	GlobalSection(SolutionConfigurationPlatforms) = preSolution
		Debug|Any CPU = Debug|Any CPU
		Release|Any CPU = Release|Any CPU
	EndGlobalSection
	GlobalSection(ProjectConfigurationPlatforms) = postSolution
		{BBF5F7C3-5D92-40BA-ACFD-8C4BBC6F349B}.Debug|Any CPU.ActiveCfg = Debug|Any CPU
		{BBF5F7C3-5D92-40BA-ACFD-8C4BBC6F349B}.Debug|Any CPU.Build.0 = Debug|Any CPU
		{BBF5F7C3-5D92-40BA-ACFD-8C4BBC6F349B}.Release|Any CPU.ActiveCfg = Release|Any CPU
		{BBF5F7C3-5D92-40BA-ACFD-8C4BBC6F349B}.Release|Any CPU.Build.0 = Release|Any CPU
		{6B7DC4D9-D6E7-3519-5BB9-61C92681C680}.Debug|Any CPU.ActiveCfg = Debug|Any CPU
		{6B7DC4D9-D6E7-3519-5BB9-61C92681C680}.Debug|Any CPU.Build.0 = Debug|Any CPU
		{6B7DC4D9-D6E7-3519-5BB9-61C92681C680}.Release|Any CPU.ActiveCfg = Release|Any CPU
		{6B7DC4D9-D6E7-3519-5BB9-61C92681C680}.Release|Any CPU.Build.0 = Release|Any CPU
	EndGlobalSection
	GlobalSection(SolutionProperties) = preSolution
		HideSolutionNode = FALSE
	EndGlobalSection
	GlobalSection(ExtensibilityGlobals) = postSolution
		SolutionGuid = {22B43ABC-34B8-4E30-818A-C3B5E5D48438}
	EndGlobalSection
EndGlobal
